
Microsoft Visual Studio Solution File, Format Version 12.00
# Visual Studio Version 16
VisualStudioVersion = 16.0.31624.102
MinimumVisualStudioVersion = 10.0.40219.1
Project("{9A19103F-16F7-4668-BE54-9A1E7A4F7556}") = "WEB_953506_YATSYNA", "WEB_953506_YATSYNA\WEB_953506_YATSYNA.csproj", "{704AAC43-44B4-44DA-8E30-5FFC14939058}"
EndProject
Project("{FAE04EC0-301F-11D3-BF4B-00C04F79EFBC}") = "WEB_953506_YATSYNA.Blazor.Server", "WEB_953506_YATSYNA.Blazor\Server\WEB_953506_YATSYNA.Blazor.Server.csproj", "{DD255A11-3798-4CA8-AE24-119D4A676EE3}"
	ProjectSection(ProjectDependencies) = postProject
		{704AAC43-44B4-44DA-8E30-5FFC14939058} = {704AAC43-44B4-44DA-8E30-5FFC14939058}
	EndProjectSection
EndProject
Project("{FAE04EC0-301F-11D3-BF4B-00C04F79EFBC}") = "WEB_953506_YATSYNA.Blazor.Client", "WEB_953506_YATSYNA.Blazor\Client\WEB_953506_YATSYNA.Blazor.Client.csproj", "{39A3EE42-0DBC-4BB2-80EC-F7AC7C27CA68}"
EndProject
Project("{FAE04EC0-301F-11D3-BF4B-00C04F79EFBC}") = "WEB_953506_YATSYNA.Blazor.Shared", "WEB_953506_YATSYNA.Blazor\Shared\WEB_953506_YATSYNA.Blazor.Shared.csproj", "{03B34D89-4993-4D87-9B70-642BB0BD24CF}"
EndProject
Global
	GlobalSection(SolutionConfigurationPlatforms) = preSolution
		Debug|Any CPU = Debug|Any CPU
		Release|Any CPU = Release|Any CPU
	EndGlobalSection
	GlobalSection(ProjectConfigurationPlatforms) = postSolution
		{704AAC43-44B4-44DA-8E30-5FFC14939058}.Debug|Any CPU.ActiveCfg = Debug|Any CPU
		{704AAC43-44B4-44DA-8E30-5FFC14939058}.Debug|Any CPU.Build.0 = Debug|Any CPU
		{704AAC43-44B4-44DA-8E30-5FFC14939058}.Release|Any CPU.ActiveCfg = Release|Any CPU
		{704AAC43-44B4-44DA-8E30-5FFC14939058}.Release|Any CPU.Build.0 = Release|Any CPU
		{DD255A11-3798-4CA8-AE24-119D4A676EE3}.Debug|Any CPU.ActiveCfg = Debug|Any CPU
		{DD255A11-3798-4CA8-AE24-119D4A676EE3}.Debug|Any CPU.Build.0 = Debug|Any CPU
		{DD255A11-3798-4CA8-AE24-119D4A676EE3}.Release|Any CPU.ActiveCfg = Release|Any CPU
		{DD255A11-3798-4CA8-AE24-119D4A676EE3}.Release|Any CPU.Build.0 = Release|Any CPU
		{39A3EE42-0DBC-4BB2-80EC-F7AC7C27CA68}.Debug|Any CPU.ActiveCfg = Debug|Any CPU
		{39A3EE42-0DBC-4BB2-80EC-F7AC7C27CA68}.Debug|Any CPU.Build.0 = Debug|Any CPU
		{39A3EE42-0DBC-4BB2-80EC-F7AC7C27CA68}.Release|Any CPU.ActiveCfg = Release|Any CPU
		{39A3EE42-0DBC-4BB2-80EC-F7AC7C27CA68}.Release|Any CPU.Build.0 = Release|Any CPU
		{03B34D89-4993-4D87-9B70-642BB0BD24CF}.Debug|Any CPU.ActiveCfg = Debug|Any CPU
		{03B34D89-4993-4D87-9B70-642BB0BD24CF}.Debug|Any CPU.Build.0 = Debug|Any CPU
		{03B34D89-4993-4D87-9B70-642BB0BD24CF}.Release|Any CPU.ActiveCfg = Release|Any CPU
		{03B34D89-4993-4D87-9B70-642BB0BD24CF}.Release|Any CPU.Build.0 = Release|Any CPU
	EndGlobalSection
	GlobalSection(SolutionProperties) = preSolution
		HideSolutionNode = FALSE
	EndGlobalSection
	GlobalSection(ExtensibilityGlobals) = postSolution
		SolutionGuid = {9C9F5450-E6C1-47EB-9C04-D6BA68049491}
	EndGlobalSection
EndGlobal
